
Microsoft Visual Studio Solution File, Format Version 12.00
# Visual Studio Version 17
VisualStudioVersion = 17.14.36603.0
MinimumVisualStudioVersion = 10.0.40219.1
Project("{FAE04EC0-301F-11D3-BF4B-00C04F79EFBC}") = "Practice_DataTypeFirst", "Practice_DataTypeFirst\Practice_DataTypeFirst.csproj", "{E2BB466C-4B38-4900-81E7-59EADA329A54}"
EndProject
Project("{FAE04EC0-301F-11D3-BF4B-00C04F79EFBC}") = "Practice_DataTypeSecond", "Practice_DataTypeSecond\Practice_DataTypeSecond.csproj", "{D6B5EA05-8052-4ED9-A156-40604764FC3E}"
EndProject
Project("{FAE04EC0-301F-11D3-BF4B-00C04F79EFBC}") = "Practice_OOP", "Practice_OOP\Practice_OOP.csproj", "{A51A27EB-C0E6-4A73-8D1E-137CCCEBC04C}"
EndProject
Project("{FAE04EC0-301F-11D3-BF4B-00C04F79EFBC}") = "Practice_Collections", "Practice_Collections\Practice_Collections.csproj", "{72C00312-694A-4067-990C-8944622AF800}"
EndProject
Project("{FAE04EC0-301F-11D3-BF4B-00C04F79EFBC}") = "Practice_DB_ADONET", "DB\Practice_DB_ADONET.csproj", "{000FCFE6-EFAA-4C80-A56E-E58EE567AA8D}"
EndProject
Project("{FAE04EC0-301F-11D3-BF4B-00C04F79EFBC}") = "test", "test\test.csproj", "{A78CCA26-EC97-4EEC-8A9D-7BB7C150D090}"
EndProject
Global
	GlobalSection(SolutionConfigurationPlatforms) = preSolution
		Debug|Any CPU = Debug|Any CPU
		Release|Any CPU = Release|Any CPU
	EndGlobalSection
	GlobalSection(ProjectConfigurationPlatforms) = postSolution
		{E2BB466C-4B38-4900-81E7-59EADA329A54}.Debug|Any CPU.ActiveCfg = Debug|Any CPU
		{E2BB466C-4B38-4900-81E7-59EADA329A54}.Debug|Any CPU.Build.0 = Debug|Any CPU
		{E2BB466C-4B38-4900-81E7-59EADA329A54}.Release|Any CPU.ActiveCfg = Release|Any CPU
		{E2BB466C-4B38-4900-81E7-59EADA329A54}.Release|Any CPU.Build.0 = Release|Any CPU
		{D6B5EA05-8052-4ED9-A156-40604764FC3E}.Debug|Any CPU.ActiveCfg = Debug|Any CPU
		{D6B5EA05-8052-4ED9-A156-40604764FC3E}.Debug|Any CPU.Build.0 = Debug|Any CPU
		{D6B5EA05-8052-4ED9-A156-40604764FC3E}.Release|Any CPU.ActiveCfg = Release|Any CPU
		{D6B5EA05-8052-4ED9-A156-40604764FC3E}.Release|Any CPU.Build.0 = Release|Any CPU
		{A51A27EB-C0E6-4A73-8D1E-137CCCEBC04C}.Debug|Any CPU.ActiveCfg = Debug|Any CPU
		{A51A27EB-C0E6-4A73-8D1E-137CCCEBC04C}.Debug|Any CPU.Build.0 = Debug|Any CPU
		{A51A27EB-C0E6-4A73-8D1E-137CCCEBC04C}.Release|Any CPU.ActiveCfg = Release|Any CPU
		{A51A27EB-C0E6-4A73-8D1E-137CCCEBC04C}.Release|Any CPU.Build.0 = Release|Any CPU
		{72C00312-694A-4067-990C-8944622AF800}.Debug|Any CPU.ActiveCfg = Debug|Any CPU
		{72C00312-694A-4067-990C-8944622AF800}.Debug|Any CPU.Build.0 = Debug|Any CPU
		{72C00312-694A-4067-990C-8944622AF800}.Release|Any CPU.ActiveCfg = Release|Any CPU
		{72C00312-694A-4067-990C-8944622AF800}.Release|Any CPU.Build.0 = Release|Any CPU
		{000FCFE6-EFAA-4C80-A56E-E58EE567AA8D}.Debug|Any CPU.ActiveCfg = Debug|Any CPU
		{000FCFE6-EFAA-4C80-A56E-E58EE567AA8D}.Debug|Any CPU.Build.0 = Debug|Any CPU
		{000FCFE6-EFAA-4C80-A56E-E58EE567AA8D}.Release|Any CPU.ActiveCfg = Release|Any CPU
		{000FCFE6-EFAA-4C80-A56E-E58EE567AA8D}.Release|Any CPU.Build.0 = Release|Any CPU
		{A78CCA26-EC97-4EEC-8A9D-7BB7C150D090}.Debug|Any CPU.ActiveCfg = Debug|Any CPU
		{A78CCA26-EC97-4EEC-8A9D-7BB7C150D090}.Debug|Any CPU.Build.0 = Debug|Any CPU
		{A78CCA26-EC97-4EEC-8A9D-7BB7C150D090}.Release|Any CPU.ActiveCfg = Release|Any CPU
		{A78CCA26-EC97-4EEC-8A9D-7BB7C150D090}.Release|Any CPU.Build.0 = Release|Any CPU
	EndGlobalSection
	GlobalSection(SolutionProperties) = preSolution
		HideSolutionNode = FALSE
	EndGlobalSection
	GlobalSection(ExtensibilityGlobals) = postSolution
		SolutionGuid = {1B2F92C9-E984-44A3-871F-9CF9A1267EAF}
	EndGlobalSection
EndGlobal
